
Microsoft Visual Studio Solution File, Format Version 12.00
# Visual Studio 15
VisualStudioVersion = 15.0.28307.271
MinimumVisualStudioVersion = 10.0.40219.1
Project("{FAE04EC0-301F-11D3-BF4B-00C04F79EFBC}") = "WpfTreeview", "WpfTreeview\WpfTreeview.csproj", "{352495A9-11DD-44FA-82C5-CF3E9C8B9AED}"
EndProject
Global
	GlobalSection(SolutionConfigurationPlatforms) = preSolution
		Debug|Any CPU = Debug|Any CPU
		Release|Any CPU = Release|Any CPU
	EndGlobalSection
	GlobalSection(ProjectConfigurationPlatforms) = postSolution
		{352495A9-11DD-44FA-82C5-CF3E9C8B9AED}.Debug|Any CPU.ActiveCfg = Debug|Any CPU
		{352495A9-11DD-44FA-82C5-CF3E9C8B9AED}.Debug|Any CPU.Build.0 = Debug|Any CPU
		{352495A9-11DD-44FA-82C5-CF3E9C8B9AED}.Release|Any CPU.ActiveCfg = Release|Any CPU
		{352495A9-11DD-44FA-82C5-CF3E9C8B9AED}.Release|Any CPU.Build.0 = Release|Any CPU
	EndGlobalSection
	GlobalSection(SolutionProperties) = preSolution
		HideSolutionNode = FALSE
	EndGlobalSection
	GlobalSection(ExtensibilityGlobals) = postSolution
		SolutionGuid = {C7475B22-6A36-493F-A6CC-45A19FB2D34D}
	EndGlobalSection
EndGlobal
